
Microsoft Visual Studio Solution File, Format Version 12.00
# Visual Studio Version 16
VisualStudioVersion = 16.0.36128.20
MinimumVisualStudioVersion = 10.0.40219.1
Project("{9A19103F-16F7-4668-BE54-9A1E7A4F7556}") = "GUI for AzureTrustedSigning", "GUI for ATS\GUI for AzureTrustedSigning.csproj", "{3971C0A6-DF6A-4ECF-82E2-C40C1B94D334}"
EndProject
Global
	GlobalSection(SolutionConfigurationPlatforms) = preSolution
		Debug|Any CPU = Debug|Any CPU
		Release|Any CPU = Release|Any CPU
	EndGlobalSection
	GlobalSection(ProjectConfigurationPlatforms) = postSolution
		{3971C0A6-DF6A-4ECF-82E2-C40C1B94D334}.Debug|Any CPU.ActiveCfg = Debug|Any CPU
		{3971C0A6-DF6A-4ECF-82E2-C40C1B94D334}.Debug|Any CPU.Build.0 = Debug|Any CPU
		{3971C0A6-DF6A-4ECF-82E2-C40C1B94D334}.Release|Any CPU.ActiveCfg = Release|Any CPU
		{3971C0A6-DF6A-4ECF-82E2-C40C1B94D334}.Release|Any CPU.Build.0 = Release|Any CPU
	EndGlobalSection
	GlobalSection(SolutionProperties) = preSolution
		HideSolutionNode = FALSE
	EndGlobalSection
	GlobalSection(ExtensibilityGlobals) = postSolution
		SolutionGuid = {AC93E035-721F-43FC-9D1D-E602D0589968}
	EndGlobalSection
EndGlobal
